<?xml version="1.0" encoding="utf-8"?>
<Project ToolsVersion="4.0" xmlns="http://schemas.microsoft.com/developer/msbuild/2003">
  <ItemGroup>
    <Filter Include="Source Files">
      <UniqueIdentifier>{4FC737F1-C7A5-4376-A066-2A32D752A2FF}</UniqueIdentifier>
      <Extensions>cpp;c;cc;cxx;c++;def;odl;idl;hpj;bat;asm;asmx</Extensions>
    </Filter>
    <Filter Include="Header Files">
      <UniqueIdentifier>{93995380-89BD-4b04-88EB-625FBE52EBFB}</UniqueIdentifier>
      <Extensions>h;hh;hpp;hxx;h++;hm;inl;inc;ipp;xsd</Extensions>
    </Filter>
    <Filter Include="Resource Files">
      <UniqueIdentifier>{67DA6AB6-F800-4c08-8B7A-83BB121AAD01}</UniqueIdentifier>
      <Extensions>rc;ico;cur;bmp;dlg;rc2;rct;bin;rgs;gif;jpg;jpeg;jpe;resx;tiff;tif;png;wav;mfcribbon-ms</Extensions>
    </Filter>
    <Filter Include="..">
      <UniqueIdentifier>{bf4cbe1d-83dc-4e1c-83e1-83b3c651e492}</UniqueIdentifier>
    </Filter>
    <Filter Include="..\src">
      <UniqueIdentifier>{d2df8126-b598-4a93-8ae0-0bd274b6f9ec}</UniqueIdentifier>
    </Filter>
    <Filter Include="..\src\jq">
      <UniqueIdentifier>{9a1bd070-ecdc-4def-9fe8-c9fe64ee49dd}</UniqueIdentifier>
    </Filter>
  </ItemGroup>
  <ItemGroup>
    <ClCompile Include="Test.cpp">
      <Filter>Source Files</Filter>
    </ClCompile>
    <ClCompile Include="jq_test.cpp">
      <Filter>Source Files</Filter>
    </ClCompile>
    <ClCompile Include="..\src\jq\filter.cpp">
      <Filter>..\src\jq</Filter>
    </ClCompile>
    <ClCompile Include="..\src\jq\tokenizer.cpp">
      <Filter>..\src\jq</Filter>
    </ClCompile>
    <ClCompile Include="..\src\logger.cpp">
      <Filter>..\src</Filter>
    </ClCompile>
    <ClCompile Include="..\src\jq\lexer.cpp">
      <Filter>..\src\jq</Filter>
    </ClCompile>
  </ItemGroup>
  <ItemGroup>
    <ClInclude Include="jq_test.h">
      <Filter>Header Files</Filter>
    </ClInclude>
    <ClInclude Include="..\src\jq\common.h">
      <Filter>..\src\jq</Filter>
    </ClInclude>
    <ClInclude Include="..\src\jq\filter.h">
      <Filter>..\src\jq</Filter>
    </ClInclude>
    <ClInclude Include="..\src\jq\jqutil.h">
      <Filter>..\src\jq</Filter>
    </ClInclude>
    <ClInclude Include="..\src\jq\tokenizer.h">
      <Filter>..\src\jq</Filter>
    </ClInclude>
    <ClInclude Include="..\src\logger.h">
      <Filter>..\src</Filter>
    </ClInclude>
    <ClInclude Include="..\src\jq\lexer.h">
      <Filter>..\src\jq</Filter>
    </ClInclude>
  </ItemGroup>
</Project>