<?xml version="1.0" encoding="utf-8"?>
<Project ToolsVersion="4.0" xmlns="http://schemas.microsoft.com/developer/msbuild/2003">
  <ItemGroup>
    <Filter Include="Source Files">
      <UniqueIdentifier>{4FC737F1-C7A5-4376-A066-2A32D752A2FF}</UniqueIdentifier>
      <Extensions>cpp;c;cc;cxx;c++;def;odl;idl;hpj;bat;asm;asmx</Extensions>
    </Filter>
    <Filter Include="Header Files">
      <UniqueIdentifier>{93995380-89BD-4b04-88EB-625FBE52EBFB}</UniqueIdentifier>
      <Extensions>h;hh;hpp;hxx;h++;hm;inl;inc;ipp;xsd</Extensions>
    </Filter>
    <Filter Include="Resource Files">
      <UniqueIdentifier>{67DA6AB6-F800-4c08-8B7A-83BB121AAD01}</UniqueIdentifier>
      <Extensions>rc;ico;cur;bmp;dlg;rc2;rct;bin;rgs;gif;jpg;jpeg;jpe;resx;tiff;tif;png;wav;mfcribbon-ms</Extensions>
    </Filter>
  </ItemGroup>
  <ItemGroup>
    <Text Include="src\CMakeLists.txt" />
  </ItemGroup>
  <ItemGroup>
    <ClCompile Include="src\filtersui.cpp">
      <Filter>Source Files</Filter>
    </ClCompile>
    <ClCompile Include="src\logger.cpp">
      <Filter>Source Files</Filter>
    </ClCompile>
    <ClCompile Include="src\main.cpp">
      <Filter>Source Files</Filter>
    </ClCompile>
    <ClCompile Include="src\settings.cpp">
      <Filter>Source Files</Filter>
    </ClCompile>
    <ClCompile Include="src\inspector.cpp">
      <Filter>Source Files</Filter>
    </ClCompile>
    <ClCompile Include="src\statistics.cpp">
      <Filter>Source Files</Filter>
    </ClCompile>
    <ClCompile Include="src\trafficmatch.cpp">
      <Filter>Source Files</Filter>
    </ClCompile>
    <ClCompile Include="src\scheduler.cpp">
      <Filter>Source Files</Filter>
    </ClCompile>
    <ClCompile Include="src\packetviewui.cpp">
      <Filter>Source Files</Filter>
    </ClCompile>
    <ClCompile Include="src\jq\filter.cpp">
      <Filter>Source Files</Filter>
    </ClCompile>
    <ClCompile Include="src\jq\tokenizer.cpp">
      <Filter>Source Files</Filter>
    </ClCompile>
    <ClCompile Include="src\jq\lexer.cpp">
      <Filter>Source Files</Filter>
    </ClCompile>
    <ClCompile Include="src\app.cpp">
      <Filter>Source Files</Filter>
    </ClCompile>
    <ClCompile Include="src\custommsg.cpp">
      <Filter>Source Files</Filter>
    </ClCompile>
    <ClCompile Include="src\ui\noname.cpp">
      <Filter>Source Files</Filter>
    </ClCompile>
  </ItemGroup>
  <ItemGroup>
    <ClInclude Include="src\filtersui.h">
      <Filter>Header Files</Filter>
    </ClInclude>
    <ClInclude Include="src\kafka.h">
      <Filter>Header Files</Filter>
    </ClInclude>
    <ClInclude Include="src\logger.h">
      <Filter>Header Files</Filter>
    </ClInclude>
    <ClInclude Include="src\settings.h">
      <Filter>Header Files</Filter>
    </ClInclude>
    <ClInclude Include="src\util.h">
      <Filter>Header Files</Filter>
    </ClInclude>
    <ClInclude Include="src\inspector.h">
      <Filter>Header Files</Filter>
    </ClInclude>
    <ClInclude Include="src\statistics.h">
      <Filter>Header Files</Filter>
    </ClInclude>
    <ClInclude Include="src\trafficmatch.h">
      <Filter>Header Files</Filter>
    </ClInclude>
    <ClInclude Include="src\scheduler.h">
      <Filter>Header Files</Filter>
    </ClInclude>
    <ClInclude Include="src\packetviewui.h">
      <Filter>Header Files</Filter>
    </ClInclude>
    <ClInclude Include="src\jq\common.h">
      <Filter>Header Files</Filter>
    </ClInclude>
    <ClInclude Include="src\jq\filter.h">
      <Filter>Header Files</Filter>
    </ClInclude>
    <ClInclude Include="src\jq\tokenizer.h">
      <Filter>Header Files</Filter>
    </ClInclude>
    <ClInclude Include="src\jq\jqutil.h">
      <Filter>Header Files</Filter>
    </ClInclude>
    <ClInclude Include="src\jq\lexer.h">
      <Filter>Header Files</Filter>
    </ClInclude>
    <ClInclude Include="resource.h">
      <Filter>Header Files</Filter>
    </ClInclude>
    <ClInclude Include="src\app.h">
      <Filter>Header Files</Filter>
    </ClInclude>
    <ClInclude Include="src\guitools.h">
      <Filter>Header Files</Filter>
    </ClInclude>
    <ClInclude Include="src\custommsg.h">
      <Filter>Header Files</Filter>
    </ClInclude>
    <ClInclude Include="src\ui\noname.h">
      <Filter>Header Files</Filter>
    </ClInclude>
    <ClInclude Include="src\databuffer.h">
      <Filter>Header Files</Filter>
    </ClInclude>
  </ItemGroup>
  <ItemGroup>
    <None Include=".gitignore" />
    <None Include="README.md" />
    <None Include="src\ui\filter.xpm" />
    <None Include="src\ui\logo4.xpm" />
    <None Include="src\ui\logo4_64.xpm" />
    <None Include="src\ui\match.xpm" />
    <None Include="src\ui\play.xpm" />
    <None Include="src\ui\stop.xpm" />
    <None Include="src\ui\ui.fbp" />
  </ItemGroup>
  <ItemGroup>
    <Image Include="res\screen_win10.png">
      <Filter>Resource Files</Filter>
    </Image>
    <Image Include="src\ui\logo4.ico">
      <Filter>Resource Files</Filter>
    </Image>
    <Image Include="src\ui\logo4.png">
      <Filter>Resource Files</Filter>
    </Image>
  </ItemGroup>
  <ItemGroup>
    <ResourceCompile Include="kafkadesktopclient.rc">
      <Filter>Resource Files</Filter>
    </ResourceCompile>
  </ItemGroup>
</Project>